// !$*UTF8*$!
{
	archiveVersion = 1;
	classes = {
	};
	objectVersion = 56;
	objects = {

/* Begin PBXBuildFile section */
		135B30DC2B6897E200DE33C8 /* Helpers.swift in Sources */ = {isa = PBXBuildFile; fileRef = 135B30DB2B6897E200DE33C8 /* Helpers.swift */; };
		135B30DE2B68ACE500DE33C8 /* PreferenceServices.swift in Sources */ = {isa = PBXBuildFile; fileRef = 135B30DD2B68ACE500DE33C8 /* PreferenceServices.swift */; };
		135B30E12B68AEC700DE33C8 /* MyPokemon.swift in Sources */ = {isa = PBXBuildFile; fileRef = 135B30E02B68AEC700DE33C8 /* MyPokemon.swift */; };
		135B30E92B68CBC700DE33C8 /* MyPokemonList.storyboard in Resources */ = {isa = PBXBuildFile; fileRef = 135B30E82B68CBC700DE33C8 /* MyPokemonList.storyboard */; };
		135B30EB2B68CBE900DE33C8 /* MyPokemonListVC.swift in Sources */ = {isa = PBXBuildFile; fileRef = 135B30EA2B68CBE900DE33C8 /* MyPokemonListVC.swift */; };
		135B30EE2B68CC6000DE33C8 /* MyPokemonListTableViewCell.swift in Sources */ = {isa = PBXBuildFile; fileRef = 135B30EC2B68CC6000DE33C8 /* MyPokemonListTableViewCell.swift */; };
		135B30EF2B68CC6000DE33C8 /* MyPokemonListTableViewCell.xib in Resources */ = {isa = PBXBuildFile; fileRef = 135B30ED2B68CC6000DE33C8 /* MyPokemonListTableViewCell.xib */; };
		135B30F12B68CD3800DE33C8 /* Tableview+Extensions.swift in Sources */ = {isa = PBXBuildFile; fileRef = 135B30F02B68CD3800DE33C8 /* Tableview+Extensions.swift */; };
		135B30F42B68D08200DE33C8 /* DetailPokemonVM.swift in Sources */ = {isa = PBXBuildFile; fileRef = 135B30F32B68D08200DE33C8 /* DetailPokemonVM.swift */; };
		13A350AB2B675CCC005760BD /* AppDelegate.swift in Sources */ = {isa = PBXBuildFile; fileRef = 13A350AA2B675CCC005760BD /* AppDelegate.swift */; };
		13A350AD2B675CCC005760BD /* SceneDelegate.swift in Sources */ = {isa = PBXBuildFile; fileRef = 13A350AC2B675CCC005760BD /* SceneDelegate.swift */; };
		13A350B22B675CCD005760BD /* ListPokemon.storyboard in Resources */ = {isa = PBXBuildFile; fileRef = 13A350B02B675CCD005760BD /* ListPokemon.storyboard */; };
		13A350B52B675CCD005760BD /* PokeApp.xcdatamodeld in Sources */ = {isa = PBXBuildFile; fileRef = 13A350B32B675CCD005760BD /* PokeApp.xcdatamodeld */; };
		13A350B72B675CCE005760BD /* Assets.xcassets in Resources */ = {isa = PBXBuildFile; fileRef = 13A350B62B675CCE005760BD /* Assets.xcassets */; };
		13A350BA2B675CCE005760BD /* LaunchScreen.storyboard in Resources */ = {isa = PBXBuildFile; fileRef = 13A350B82B675CCE005760BD /* LaunchScreen.storyboard */; };
		13A350C52B675CCF005760BD /* PokeAppTests.swift in Sources */ = {isa = PBXBuildFile; fileRef = 13A350C42B675CCF005760BD /* PokeAppTests.swift */; };
		13A350CF2B675CCF005760BD /* PokeAppUITests.swift in Sources */ = {isa = PBXBuildFile; fileRef = 13A350CE2B675CCF005760BD /* PokeAppUITests.swift */; };
		13A350D12B675CCF005760BD /* PokeAppUITestsLaunchTests.swift in Sources */ = {isa = PBXBuildFile; fileRef = 13A350D02B675CCF005760BD /* PokeAppUITestsLaunchTests.swift */; };
		13A350DF2B675DB1005760BD /* WebService.swift in Sources */ = {isa = PBXBuildFile; fileRef = 13A350DE2B675DB1005760BD /* WebService.swift */; };
		13A350E22B675E29005760BD /* LoadingScreen.swift in Sources */ = {isa = PBXBuildFile; fileRef = 13A350E12B675E29005760BD /* LoadingScreen.swift */; };
		13A350E72B675E86005760BD /* String+Extensions.swift in Sources */ = {isa = PBXBuildFile; fileRef = 13A350E62B675E86005760BD /* String+Extensions.swift */; };
		13A350EB2B676112005760BD /* ListPokemonVC.swift in Sources */ = {isa = PBXBuildFile; fileRef = 13A350EA2B676112005760BD /* ListPokemonVC.swift */; };
		13A350F02B676139005760BD /* ListPokemonVM.swift in Sources */ = {isa = PBXBuildFile; fileRef = 13A350EF2B676139005760BD /* ListPokemonVM.swift */; };
		13A350F32B6764F7005760BD /* Constants.swift in Sources */ = {isa = PBXBuildFile; fileRef = 13A350F22B6764F7005760BD /* Constants.swift */; };
		13A350F62B676AED005760BD /* ListPokemonTableViewCell.swift in Sources */ = {isa = PBXBuildFile; fileRef = 13A350F42B676AED005760BD /* ListPokemonTableViewCell.swift */; };
		13A350F72B676AED005760BD /* ListPokemonTableViewCell.xib in Resources */ = {isa = PBXBuildFile; fileRef = 13A350F52B676AED005760BD /* ListPokemonTableViewCell.xib */; };
		13A350F92B6778F9005760BD /* ListPokemonResponse.swift in Sources */ = {isa = PBXBuildFile; fileRef = 13A350F82B6778F9005760BD /* ListPokemonResponse.swift */; };
		13A350FB2B677933005760BD /* ListPokemonResults.swift in Sources */ = {isa = PBXBuildFile; fileRef = 13A350FA2B677933005760BD /* ListPokemonResults.swift */; };
		13A350FF2B6781F6005760BD /* PokemonDetailResponse.swift in Sources */ = {isa = PBXBuildFile; fileRef = 13A350FE2B6781F6005760BD /* PokemonDetailResponse.swift */; };
		13A351012B6783BA005760BD /* PokemonDetailSprites.swift in Sources */ = {isa = PBXBuildFile; fileRef = 13A351002B6783BA005760BD /* PokemonDetailSprites.swift */; };
		13A351032B6783DA005760BD /* PokemonDetailTypes.swift in Sources */ = {isa = PBXBuildFile; fileRef = 13A351022B6783DA005760BD /* PokemonDetailTypes.swift */; };
		13ED84852B67A6D50068DBDD /* DetailPokemonVC.swift in Sources */ = {isa = PBXBuildFile; fileRef = 13ED84842B67A6D50068DBDD /* DetailPokemonVC.swift */; };
		13ED84872B67A6E80068DBDD /* DetailPokemon.storyboard in Resources */ = {isa = PBXBuildFile; fileRef = 13ED84862B67A6E80068DBDD /* DetailPokemon.storyboard */; };
		13ED84892B67BB880068DBDD /* PokemonDetailMoves.swift in Sources */ = {isa = PBXBuildFile; fileRef = 13ED84882B67BB880068DBDD /* PokemonDetailMoves.swift */; };
		13ED848D2B67C3BE0068DBDD /* PokemonDetailTypesCollectionViewCell.swift in Sources */ = {isa = PBXBuildFile; fileRef = 13ED848B2B67C3BE0068DBDD /* PokemonDetailTypesCollectionViewCell.swift */; };
		13ED848E2B67C3BE0068DBDD /* PokemonDetailTypesCollectionViewCell.xib in Resources */ = {isa = PBXBuildFile; fileRef = 13ED848C2B67C3BE0068DBDD /* PokemonDetailTypesCollectionViewCell.xib */; };
		18CA5A2669C266E04623B6F2 /* Pods_PokeAppTests.framework in Frameworks */ = {isa = PBXBuildFile; fileRef = 8CCC02F7B23C4EB8CADE3F56 /* Pods_PokeAppTests.framework */; };
		3AA372F34D783B64EBDAE0DB /* Pods_PokeApp.framework in Frameworks */ = {isa = PBXBuildFile; fileRef = CD65AEC60033A837B1090DA9 /* Pods_PokeApp.framework */; };
		B3B175112A396319E24D78DC /* Pods_PokeApp_PokeAppUITests.framework in Frameworks */ = {isa = PBXBuildFile; fileRef = C79598FCEDE8C0A07F0977B2 /* Pods_PokeApp_PokeAppUITests.framework */; };
/* End PBXBuildFile section */

/* Begin PBXContainerItemProxy section */
		13A350C12B675CCF005760BD /* PBXContainerItemProxy */ = {
			isa = PBXContainerItemProxy;
			containerPortal = 13A3509F2B675CCC005760BD /* Project object */;
			proxyType = 1;
			remoteGlobalIDString = 13A350A62B675CCC005760BD;
			remoteInfo = PokeApp;
		};
		13A350CB2B675CCF005760BD /* PBXContainerItemProxy */ = {
			isa = PBXContainerItemProxy;
			containerPortal = 13A3509F2B675CCC005760BD /* Project object */;
			proxyType = 1;
			remoteGlobalIDString = 13A350A62B675CCC005760BD;
			remoteInfo = PokeApp;
		};
/* End PBXContainerItemProxy section */

/* Begin PBXFileReference section */
		135B30DB2B6897E200DE33C8 /* Helpers.swift */ = {isa = PBXFileReference; lastKnownFileType = sourcecode.swift; path = Helpers.swift; sourceTree = "<group>"; };
		135B30DD2B68ACE500DE33C8 /* PreferenceServices.swift */ = {isa = PBXFileReference; lastKnownFileType = sourcecode.swift; path = PreferenceServices.swift; sourceTree = "<group>"; };
		135B30E02B68AEC700DE33C8 /* MyPokemon.swift */ = {isa = PBXFileReference; lastKnownFileType = sourcecode.swift; path = MyPokemon.swift; sourceTree = "<group>"; };
		135B30E82B68CBC700DE33C8 /* MyPokemonList.storyboard */ = {isa = PBXFileReference; lastKnownFileType = file.storyboard; path = MyPokemonList.storyboard; sourceTree = "<group>"; };
		135B30EA2B68CBE900DE33C8 /* MyPokemonListVC.swift */ = {isa = PBXFileReference; lastKnownFileType = sourcecode.swift; path = MyPokemonListVC.swift; sourceTree = "<group>"; };
		135B30EC2B68CC6000DE33C8 /* MyPokemonListTableViewCell.swift */ = {isa = PBXFileReference; lastKnownFileType = sourcecode.swift; path = MyPokemonListTableViewCell.swift; sourceTree = "<group>"; };
		135B30ED2B68CC6000DE33C8 /* MyPokemonListTableViewCell.xib */ = {isa = PBXFileReference; lastKnownFileType = file.xib; path = MyPokemonListTableViewCell.xib; sourceTree = "<group>"; };
		135B30F02B68CD3800DE33C8 /* Tableview+Extensions.swift */ = {isa = PBXFileReference; lastKnownFileType = sourcecode.swift; path = "Tableview+Extensions.swift"; sourceTree = "<group>"; };
		135B30F32B68D08200DE33C8 /* DetailPokemonVM.swift */ = {isa = PBXFileReference; lastKnownFileType = sourcecode.swift; path = DetailPokemonVM.swift; sourceTree = "<group>"; };
		13A350A72B675CCC005760BD /* PokeApp.app */ = {isa = PBXFileReference; explicitFileType = wrapper.application; includeInIndex = 0; path = PokeApp.app; sourceTree = BUILT_PRODUCTS_DIR; };
		13A350AA2B675CCC005760BD /* AppDelegate.swift */ = {isa = PBXFileReference; lastKnownFileType = sourcecode.swift; path = AppDelegate.swift; sourceTree = "<group>"; };
		13A350AC2B675CCC005760BD /* SceneDelegate.swift */ = {isa = PBXFileReference; lastKnownFileType = sourcecode.swift; path = SceneDelegate.swift; sourceTree = "<group>"; };
		13A350B12B675CCD005760BD /* Base */ = {isa = PBXFileReference; lastKnownFileType = file.storyboard; name = Base; path = Base.lproj/ListPokemon.storyboard; sourceTree = "<group>"; };
		13A350B42B675CCD005760BD /* PokeApp.xcdatamodel */ = {isa = PBXFileReference; lastKnownFileType = wrapper.xcdatamodel; path = PokeApp.xcdatamodel; sourceTree = "<group>"; };
		13A350B62B675CCE005760BD /* Assets.xcassets */ = {isa = PBXFileReference; lastKnownFileType = folder.assetcatalog; path = Assets.xcassets; sourceTree = "<group>"; };
		13A350B92B675CCE005760BD /* Base */ = {isa = PBXFileReference; lastKnownFileType = file.storyboard; name = Base; path = Base.lproj/LaunchScreen.storyboard; sourceTree = "<group>"; };
		13A350BB2B675CCE005760BD /* Info.plist */ = {isa = PBXFileReference; lastKnownFileType = text.plist.xml; path = Info.plist; sourceTree = "<group>"; };
		13A350C02B675CCF005760BD /* PokeAppTests.xctest */ = {isa = PBXFileReference; explicitFileType = wrapper.cfbundle; includeInIndex = 0; path = PokeAppTests.xctest; sourceTree = BUILT_PRODUCTS_DIR; };
		13A350C42B675CCF005760BD /* PokeAppTests.swift */ = {isa = PBXFileReference; lastKnownFileType = sourcecode.swift; path = PokeAppTests.swift; sourceTree = "<group>"; };
		13A350CA2B675CCF005760BD /* PokeAppUITests.xctest */ = {isa = PBXFileReference; explicitFileType = wrapper.cfbundle; includeInIndex = 0; path = PokeAppUITests.xctest; sourceTree = BUILT_PRODUCTS_DIR; };
		13A350CE2B675CCF005760BD /* PokeAppUITests.swift */ = {isa = PBXFileReference; lastKnownFileType = sourcecode.swift; path = PokeAppUITests.swift; sourceTree = "<group>"; };
		13A350D02B675CCF005760BD /* PokeAppUITestsLaunchTests.swift */ = {isa = PBXFileReference; lastKnownFileType = sourcecode.swift; path = PokeAppUITestsLaunchTests.swift; sourceTree = "<group>"; };
		13A350DE2B675DB1005760BD /* WebService.swift */ = {isa = PBXFileReference; lastKnownFileType = sourcecode.swift; path = WebService.swift; sourceTree = "<group>"; };
		13A350E12B675E29005760BD /* LoadingScreen.swift */ = {isa = PBXFileReference; lastKnownFileType = sourcecode.swift; path = LoadingScreen.swift; sourceTree = "<group>"; };
		13A350E62B675E86005760BD /* String+Extensions.swift */ = {isa = PBXFileReference; lastKnownFileType = sourcecode.swift; path = "String+Extensions.swift"; sourceTree = "<group>"; };
		13A350EA2B676112005760BD /* ListPokemonVC.swift */ = {isa = PBXFileReference; lastKnownFileType = sourcecode.swift; path = ListPokemonVC.swift; sourceTree = "<group>"; };
		13A350EF2B676139005760BD /* ListPokemonVM.swift */ = {isa = PBXFileReference; lastKnownFileType = sourcecode.swift; path = ListPokemonVM.swift; sourceTree = "<group>"; };
		13A350F22B6764F7005760BD /* Constants.swift */ = {isa = PBXFileReference; lastKnownFileType = sourcecode.swift; path = Constants.swift; sourceTree = "<group>"; };
		13A350F42B676AED005760BD /* ListPokemonTableViewCell.swift */ = {isa = PBXFileReference; lastKnownFileType = sourcecode.swift; path = ListPokemonTableViewCell.swift; sourceTree = "<group>"; };
		13A350F52B676AED005760BD /* ListPokemonTableViewCell.xib */ = {isa = PBXFileReference; lastKnownFileType = file.xib; path = ListPokemonTableViewCell.xib; sourceTree = "<group>"; };
		13A350F82B6778F9005760BD /* ListPokemonResponse.swift */ = {isa = PBXFileReference; lastKnownFileType = sourcecode.swift; path = ListPokemonResponse.swift; sourceTree = "<group>"; };
		13A350FA2B677933005760BD /* ListPokemonResults.swift */ = {isa = PBXFileReference; lastKnownFileType = sourcecode.swift; path = ListPokemonResults.swift; sourceTree = "<group>"; };
		13A350FE2B6781F6005760BD /* PokemonDetailResponse.swift */ = {isa = PBXFileReference; lastKnownFileType = sourcecode.swift; path = PokemonDetailResponse.swift; sourceTree = "<group>"; };
		13A351002B6783BA005760BD /* PokemonDetailSprites.swift */ = {isa = PBXFileReference; lastKnownFileType = sourcecode.swift; path = PokemonDetailSprites.swift; sourceTree = "<group>"; };
		13A351022B6783DA005760BD /* PokemonDetailTypes.swift */ = {isa = PBXFileReference; lastKnownFileType = sourcecode.swift; path = PokemonDetailTypes.swift; sourceTree = "<group>"; };
		13ED84842B67A6D50068DBDD /* DetailPokemonVC.swift */ = {isa = PBXFileReference; lastKnownFileType = sourcecode.swift; path = DetailPokemonVC.swift; sourceTree = "<group>"; };
		13ED84862B67A6E80068DBDD /* DetailPokemon.storyboard */ = {isa = PBXFileReference; lastKnownFileType = file.storyboard; path = DetailPokemon.storyboard; sourceTree = "<group>"; };
		13ED84882B67BB880068DBDD /* PokemonDetailMoves.swift */ = {isa = PBXFileReference; lastKnownFileType = sourcecode.swift; path = PokemonDetailMoves.swift; sourceTree = "<group>"; };
		13ED848B2B67C3BE0068DBDD /* PokemonDetailTypesCollectionViewCell.swift */ = {isa = PBXFileReference; lastKnownFileType = sourcecode.swift; path = PokemonDetailTypesCollectionViewCell.swift; sourceTree = "<group>"; };
		13ED848C2B67C3BE0068DBDD /* PokemonDetailTypesCollectionViewCell.xib */ = {isa = PBXFileReference; lastKnownFileType = file.xib; path = PokemonDetailTypesCollectionViewCell.xib; sourceTree = "<group>"; };
		3F97F28001E8E9AA066B8771 /* Pods-PokeAppTests.release.xcconfig */ = {isa = PBXFileReference; includeInIndex = 1; lastKnownFileType = text.xcconfig; name = "Pods-PokeAppTests.release.xcconfig"; path = "Target Support Files/Pods-PokeAppTests/Pods-PokeAppTests.release.xcconfig"; sourceTree = "<group>"; };
		45EEF9EC13EC73ECA0508761 /* Pods-PokeApp.debug.xcconfig */ = {isa = PBXFileReference; includeInIndex = 1; lastKnownFileType = text.xcconfig; name = "Pods-PokeApp.debug.xcconfig"; path = "Target Support Files/Pods-PokeApp/Pods-PokeApp.debug.xcconfig"; sourceTree = "<group>"; };
		876409D60D9654BAF83B02A3 /* Pods-PokeApp.release.xcconfig */ = {isa = PBXFileReference; includeInIndex = 1; lastKnownFileType = text.xcconfig; name = "Pods-PokeApp.release.xcconfig"; path = "Target Support Files/Pods-PokeApp/Pods-PokeApp.release.xcconfig"; sourceTree = "<group>"; };
		8CCC02F7B23C4EB8CADE3F56 /* Pods_PokeAppTests.framework */ = {isa = PBXFileReference; explicitFileType = wrapper.framework; includeInIndex = 0; path = Pods_PokeAppTests.framework; sourceTree = BUILT_PRODUCTS_DIR; };
		C79598FCEDE8C0A07F0977B2 /* Pods_PokeApp_PokeAppUITests.framework */ = {isa = PBXFileReference; explicitFileType = wrapper.framework; includeInIndex = 0; path = Pods_PokeApp_PokeAppUITests.framework; sourceTree = BUILT_PRODUCTS_DIR; };
		CB18E2C179C8F63CB4E2F9FF /* Pods-PokeAppTests.debug.xcconfig */ = {isa = PBXFileReference; includeInIndex = 1; lastKnownFileType = text.xcconfig; name = "Pods-PokeAppTests.debug.xcconfig"; path = "Target Support Files/Pods-PokeAppTests/Pods-PokeAppTests.debug.xcconfig"; sourceTree = "<group>"; };
		CD65AEC60033A837B1090DA9 /* Pods_PokeApp.framework */ = {isa = PBXFileReference; explicitFileType = wrapper.framework; includeInIndex = 0; path = Pods_PokeApp.framework; sourceTree = BUILT_PRODUCTS_DIR; };
		EEC2A4832935CB20DE4FB2FC /* Pods-PokeApp-PokeAppUITests.release.xcconfig */ = {isa = PBXFileReference; includeInIndex = 1; lastKnownFileType = text.xcconfig; name = "Pods-PokeApp-PokeAppUITests.release.xcconfig"; path = "Target Support Files/Pods-PokeApp-PokeAppUITests/Pods-PokeApp-PokeAppUITests.release.xcconfig"; sourceTree = "<group>"; };
		FAA16FA2F033625EF6CAC1A4 /* Pods-PokeApp-PokeAppUITests.debug.xcconfig */ = {isa = PBXFileReference; includeInIndex = 1; lastKnownFileType = text.xcconfig; name = "Pods-PokeApp-PokeAppUITests.debug.xcconfig"; path = "Target Support Files/Pods-PokeApp-PokeAppUITests/Pods-PokeApp-PokeAppUITests.debug.xcconfig"; sourceTree = "<group>"; };
/* End PBXFileReference section */

/* Begin PBXFrameworksBuildPhase section */
		13A350A42B675CCC005760BD /* Frameworks */ = {
			isa = PBXFrameworksBuildPhase;
			buildActionMask = 2147483647;
			files = (
				3AA372F34D783B64EBDAE0DB /* Pods_PokeApp.framework in Frameworks */,
			);
			runOnlyForDeploymentPostprocessing = 0;
		};
		13A350BD2B675CCF005760BD /* Frameworks */ = {
			isa = PBXFrameworksBuildPhase;
			buildActionMask = 2147483647;
			files = (
				18CA5A2669C266E04623B6F2 /* Pods_PokeAppTests.framework in Frameworks */,
			);
			runOnlyForDeploymentPostprocessing = 0;
		};
		13A350C72B675CCF005760BD /* Frameworks */ = {
			isa = PBXFrameworksBuildPhase;
			buildActionMask = 2147483647;
			files = (
				B3B175112A396319E24D78DC /* Pods_PokeApp_PokeAppUITests.framework in Frameworks */,
			);
			runOnlyForDeploymentPostprocessing = 0;
		};
/* End PBXFrameworksBuildPhase section */

/* Begin PBXGroup section */
		135B30DF2B68AEAA00DE33C8 /* MyPokemon */ = {
			isa = PBXGroup;
			children = (
				135B30E02B68AEC700DE33C8 /* MyPokemon.swift */,
			);
			path = MyPokemon;
			sourceTree = "<group>";
		};
		135B30E22B68B19300DE33C8 /* MyPokemonList */ = {
			isa = PBXGroup;
			children = (
				135B30E62B68CBAD00DE33C8 /* Controller */,
				135B30E52B68CBA700DE33C8 /* View */,
			);
			path = MyPokemonList;
			sourceTree = "<group>";
		};
		135B30E52B68CBA700DE33C8 /* View */ = {
			isa = PBXGroup;
			children = (
				135B30E72B68CBB300DE33C8 /* Cell */,
				135B30E82B68CBC700DE33C8 /* MyPokemonList.storyboard */,
			);
			path = View;
			sourceTree = "<group>";
		};
		135B30E62B68CBAD00DE33C8 /* Controller */ = {
			isa = PBXGroup;
			children = (
				135B30EA2B68CBE900DE33C8 /* MyPokemonListVC.swift */,
			);
			path = Controller;
			sourceTree = "<group>";
		};
		135B30E72B68CBB300DE33C8 /* Cell */ = {
			isa = PBXGroup;
			children = (
				135B30EC2B68CC6000DE33C8 /* MyPokemonListTableViewCell.swift */,
				135B30ED2B68CC6000DE33C8 /* MyPokemonListTableViewCell.xib */,
			);
			path = Cell;
			sourceTree = "<group>";
		};
		135B30F22B68D07600DE33C8 /* ViewModel */ = {
			isa = PBXGroup;
			children = (
				135B30F32B68D08200DE33C8 /* DetailPokemonVM.swift */,
			);
			path = ViewModel;
			sourceTree = "<group>";
		};
		13A3509E2B675CCC005760BD = {
			isa = PBXGroup;
			children = (
				13A350A92B675CCC005760BD /* PokeApp */,
				13A350C32B675CCF005760BD /* PokeAppTests */,
				13A350CD2B675CCF005760BD /* PokeAppUITests */,
				13A350A82B675CCC005760BD /* Products */,
				75F2ED004BE5C748B9A9F8AB /* Pods */,
				65C0F30ABDE51DC8A922B59D /* Frameworks */,
			);
			sourceTree = "<group>";
		};
		13A350A82B675CCC005760BD /* Products */ = {
			isa = PBXGroup;
			children = (
				13A350A72B675CCC005760BD /* PokeApp.app */,
				13A350C02B675CCF005760BD /* PokeAppTests.xctest */,
				13A350CA2B675CCF005760BD /* PokeAppUITests.xctest */,
			);
			name = Products;
			sourceTree = "<group>";
		};
		13A350A92B675CCC005760BD /* PokeApp */ = {
			isa = PBXGroup;
			children = (
				13A350E52B675E6A005760BD /* Extensions */,
				13A350E32B675E48005760BD /* Features */,
				13A350E02B675E13005760BD /* Utils */,
				13A350DD2B675D11005760BD /* Services */,
				13A350AA2B675CCC005760BD /* AppDelegate.swift */,
				13A350AC2B675CCC005760BD /* SceneDelegate.swift */,
				13A350B62B675CCE005760BD /* Assets.xcassets */,
				13A350BB2B675CCE005760BD /* Info.plist */,
				13A350B32B675CCD005760BD /* PokeApp.xcdatamodeld */,
			);
			path = PokeApp;
			sourceTree = "<group>";
		};
		13A350C32B675CCF005760BD /* PokeAppTests */ = {
			isa = PBXGroup;
			children = (
				13A350C42B675CCF005760BD /* PokeAppTests.swift */,
			);
			path = PokeAppTests;
			sourceTree = "<group>";
		};
		13A350CD2B675CCF005760BD /* PokeAppUITests */ = {
			isa = PBXGroup;
			children = (
				13A350CE2B675CCF005760BD /* PokeAppUITests.swift */,
				13A350D02B675CCF005760BD /* PokeAppUITestsLaunchTests.swift */,
			);
			path = PokeAppUITests;
			sourceTree = "<group>";
		};
		13A350DD2B675D11005760BD /* Services */ = {
			isa = PBXGroup;
			children = (
				13A350DE2B675DB1005760BD /* WebService.swift */,
			);
			path = Services;
			sourceTree = "<group>";
		};
		13A350E02B675E13005760BD /* Utils */ = {
			isa = PBXGroup;
			children = (
				13A350E12B675E29005760BD /* LoadingScreen.swift */,
				13A350F22B6764F7005760BD /* Constants.swift */,
				135B30DB2B6897E200DE33C8 /* Helpers.swift */,
				135B30DD2B68ACE500DE33C8 /* PreferenceServices.swift */,
			);
			path = Utils;
			sourceTree = "<group>";
		};
		13A350E32B675E48005760BD /* Features */ = {
			isa = PBXGroup;
			children = (
				135B30E22B68B19300DE33C8 /* MyPokemonList */,
				13ED84812B67A6B50068DBDD /* DetailPokemon */,
				13A350EE2B676125005760BD /* Model */,
				13A350E82B6760E6005760BD /* ListPokemon */,
				13A350E42B675E55005760BD /* LaunchScreen */,
			);
			path = Features;
			sourceTree = "<group>";
		};
		13A350E42B675E55005760BD /* LaunchScreen */ = {
			isa = PBXGroup;
			children = (
				13A350B82B675CCE005760BD /* LaunchScreen.storyboard */,
			);
			path = LaunchScreen;
			sourceTree = "<group>";
		};
		13A350E52B675E6A005760BD /* Extensions */ = {
			isa = PBXGroup;
			children = (
				13A350E62B675E86005760BD /* String+Extensions.swift */,
				135B30F02B68CD3800DE33C8 /* Tableview+Extensions.swift */,
			);
			path = Extensions;
			sourceTree = "<group>";
		};
		13A350E82B6760E6005760BD /* ListPokemon */ = {
			isa = PBXGroup;
			children = (
				13A350ED2B67611E005760BD /* ViewModel */,
				13A350EC2B676117005760BD /* View */,
				13A350E92B676105005760BD /* Controller */,
			);
			path = ListPokemon;
			sourceTree = "<group>";
		};
		13A350E92B676105005760BD /* Controller */ = {
			isa = PBXGroup;
			children = (
				13A350EA2B676112005760BD /* ListPokemonVC.swift */,
			);
			path = Controller;
			sourceTree = "<group>";
		};
		13A350EC2B676117005760BD /* View */ = {
			isa = PBXGroup;
			children = (
				13A350F12B676389005760BD /* Cell */,
				13A350B02B675CCD005760BD /* ListPokemon.storyboard */,
			);
			path = View;
			sourceTree = "<group>";
		};
		13A350ED2B67611E005760BD /* ViewModel */ = {
			isa = PBXGroup;
			children = (
				13A350EF2B676139005760BD /* ListPokemonVM.swift */,
			);
			path = ViewModel;
			sourceTree = "<group>";
		};
		13A350EE2B676125005760BD /* Model */ = {
			isa = PBXGroup;
			children = (
				135B30DF2B68AEAA00DE33C8 /* MyPokemon */,
				13A350FD2B6781E1005760BD /* PokemonDetail */,
				13A350FC2B6781D6005760BD /* ListPokemon */,
			);
			path = Model;
			sourceTree = "<group>";
		};
		13A350F12B676389005760BD /* Cell */ = {
			isa = PBXGroup;
			children = (
				13A350F42B676AED005760BD /* ListPokemonTableViewCell.swift */,
				13A350F52B676AED005760BD /* ListPokemonTableViewCell.xib */,
			);
			path = Cell;
			sourceTree = "<group>";
		};
		13A350FC2B6781D6005760BD /* ListPokemon */ = {
			isa = PBXGroup;
			children = (
				13A350F82B6778F9005760BD /* ListPokemonResponse.swift */,
				13A350FA2B677933005760BD /* ListPokemonResults.swift */,
			);
			path = ListPokemon;
			sourceTree = "<group>";
		};
		13A350FD2B6781E1005760BD /* PokemonDetail */ = {
			isa = PBXGroup;
			children = (
				13A350FE2B6781F6005760BD /* PokemonDetailResponse.swift */,
				13A351002B6783BA005760BD /* PokemonDetailSprites.swift */,
				13A351022B6783DA005760BD /* PokemonDetailTypes.swift */,
				13ED84882B67BB880068DBDD /* PokemonDetailMoves.swift */,
			);
			path = PokemonDetail;
			sourceTree = "<group>";
		};
		13ED84812B67A6B50068DBDD /* DetailPokemon */ = {
			isa = PBXGroup;
			children = (
				135B30F22B68D07600DE33C8 /* ViewModel */,
				13ED84832B67A6C60068DBDD /* Controller */,
				13ED84822B67A6C00068DBDD /* View */,
			);
			path = DetailPokemon;
			sourceTree = "<group>";
		};
		13ED84822B67A6C00068DBDD /* View */ = {
			isa = PBXGroup;
			children = (
				13ED848A2B67C3A20068DBDD /* Cell */,
				13ED84862B67A6E80068DBDD /* DetailPokemon.storyboard */,
			);
			path = View;
			sourceTree = "<group>";
		};
		13ED84832B67A6C60068DBDD /* Controller */ = {
			isa = PBXGroup;
			children = (
				13ED84842B67A6D50068DBDD /* DetailPokemonVC.swift */,
			);
			path = Controller;
			sourceTree = "<group>";
		};
		13ED848A2B67C3A20068DBDD /* Cell */ = {
			isa = PBXGroup;
			children = (
				13ED848B2B67C3BE0068DBDD /* PokemonDetailTypesCollectionViewCell.swift */,
				13ED848C2B67C3BE0068DBDD /* PokemonDetailTypesCollectionViewCell.xib */,
			);
			path = Cell;
			sourceTree = "<group>";
		};
		65C0F30ABDE51DC8A922B59D /* Frameworks */ = {
			isa = PBXGroup;
			children = (
				CD65AEC60033A837B1090DA9 /* Pods_PokeApp.framework */,
				C79598FCEDE8C0A07F0977B2 /* Pods_PokeApp_PokeAppUITests.framework */,
				8CCC02F7B23C4EB8CADE3F56 /* Pods_PokeAppTests.framework */,
			);
			name = Frameworks;
			sourceTree = "<group>";
		};
		75F2ED004BE5C748B9A9F8AB /* Pods */ = {
			isa = PBXGroup;
			children = (
				45EEF9EC13EC73ECA0508761 /* Pods-PokeApp.debug.xcconfig */,
				876409D60D9654BAF83B02A3 /* Pods-PokeApp.release.xcconfig */,
				FAA16FA2F033625EF6CAC1A4 /* Pods-PokeApp-PokeAppUITests.debug.xcconfig */,
				EEC2A4832935CB20DE4FB2FC /* Pods-PokeApp-PokeAppUITests.release.xcconfig */,
				CB18E2C179C8F63CB4E2F9FF /* Pods-PokeAppTests.debug.xcconfig */,
				3F97F28001E8E9AA066B8771 /* Pods-PokeAppTests.release.xcconfig */,
			);
			path = Pods;
			sourceTree = "<group>";
		};
/* End PBXGroup section */

/* Begin PBXNativeTarget section */
		13A350A62B675CCC005760BD /* PokeApp */ = {
			isa = PBXNativeTarget;
			buildConfigurationList = 13A350D42B675CCF005760BD /* Build configuration list for PBXNativeTarget "PokeApp" */;
			buildPhases = (
				932F8728519CC645A9FBE4B0 /* [CP] Check Pods Manifest.lock */,
				13A350A32B675CCC005760BD /* Sources */,
				13A350A42B675CCC005760BD /* Frameworks */,
				13A350A52B675CCC005760BD /* Resources */,
				6400DF5BC1744DDA6F0E2101 /* [CP] Embed Pods Frameworks */,
			);
			buildRules = (
			);
			dependencies = (
			);
			name = PokeApp;
			productName = PokeApp;
			productReference = 13A350A72B675CCC005760BD /* PokeApp.app */;
			productType = "com.apple.product-type.application";
		};
		13A350BF2B675CCF005760BD /* PokeAppTests */ = {
			isa = PBXNativeTarget;
			buildConfigurationList = 13A350D72B675CCF005760BD /* Build configuration list for PBXNativeTarget "PokeAppTests" */;
			buildPhases = (
				5D1D9BE7133EBB5A0F29C3D7 /* [CP] Check Pods Manifest.lock */,
				13A350BC2B675CCF005760BD /* Sources */,
				13A350BD2B675CCF005760BD /* Frameworks */,
				13A350BE2B675CCF005760BD /* Resources */,
			);
			buildRules = (
			);
			dependencies = (
				13A350C22B675CCF005760BD /* PBXTargetDependency */,
			);
			name = PokeAppTests;
			productName = PokeAppTests;
			productReference = 13A350C02B675CCF005760BD /* PokeAppTests.xctest */;
			productType = "com.apple.product-type.bundle.unit-test";
		};
		13A350C92B675CCF005760BD /* PokeAppUITests */ = {
			isa = PBXNativeTarget;
			buildConfigurationList = 13A350DA2B675CCF005760BD /* Build configuration list for PBXNativeTarget "PokeAppUITests" */;
			buildPhases = (
				6F328F9E6B6A7682E8B2100B /* [CP] Check Pods Manifest.lock */,
				13A350C62B675CCF005760BD /* Sources */,
				13A350C72B675CCF005760BD /* Frameworks */,
				13A350C82B675CCF005760BD /* Resources */,
				85BFA58472ADA461A814CA2A /* [CP] Embed Pods Frameworks */,
			);
			buildRules = (
			);
			dependencies = (
				13A350CC2B675CCF005760BD /* PBXTargetDependency */,
			);
			name = PokeAppUITests;
			productName = PokeAppUITests;
			productReference = 13A350CA2B675CCF005760BD /* PokeAppUITests.xctest */;
			productType = "com.apple.product-type.bundle.ui-testing";
		};
/* End PBXNativeTarget section */

/* Begin PBXProject section */
		13A3509F2B675CCC005760BD /* Project object */ = {
			isa = PBXProject;
			attributes = {
				BuildIndependentTargetsInParallel = 1;
				LastSwiftUpdateCheck = 1520;
				LastUpgradeCheck = 1520;
				TargetAttributes = {
					13A350A62B675CCC005760BD = {
						CreatedOnToolsVersion = 15.2;
					};
					13A350BF2B675CCF005760BD = {
						CreatedOnToolsVersion = 15.2;
						TestTargetID = 13A350A62B675CCC005760BD;
					};
					13A350C92B675CCF005760BD = {
						CreatedOnToolsVersion = 15.2;
						TestTargetID = 13A350A62B675CCC005760BD;
					};
				};
			};
			buildConfigurationList = 13A350A22B675CCC005760BD /* Build configuration list for PBXProject "PokeApp" */;
			compatibilityVersion = "Xcode 14.0";
			developmentRegion = en;
			hasScannedForEncodings = 0;
			knownRegions = (
				en,
				Base,
			);
			mainGroup = 13A3509E2B675CCC005760BD;
			productRefGroup = 13A350A82B675CCC005760BD /* Products */;
			projectDirPath = "";
			projectRoot = "";
			targets = (
				13A350A62B675CCC005760BD /* PokeApp */,
				13A350BF2B675CCF005760BD /* PokeAppTests */,
				13A350C92B675CCF005760BD /* PokeAppUITests */,
			);
		};
/* End PBXProject section */

/* Begin PBXResourcesBuildPhase section */
		13A350A52B675CCC005760BD /* Resources */ = {
			isa = PBXResourcesBuildPhase;
			buildActionMask = 2147483647;
			files = (
				13A350BA2B675CCE005760BD /* LaunchScreen.storyboard in Resources */,
				13ED848E2B67C3BE0068DBDD /* PokemonDetailTypesCollectionViewCell.xib in Resources */,
				13A350F72B676AED005760BD /* ListPokemonTableViewCell.xib in Resources */,
				13ED84872B67A6E80068DBDD /* DetailPokemon.storyboard in Resources */,
				135B30E92B68CBC700DE33C8 /* MyPokemonList.storyboard in Resources */,
				135B30EF2B68CC6000DE33C8 /* MyPokemonListTableViewCell.xib in Resources */,
				13A350B72B675CCE005760BD /* Assets.xcassets in Resources */,
				13A350B22B675CCD005760BD /* ListPokemon.storyboard in Resources */,
			);
			runOnlyForDeploymentPostprocessing = 0;
		};
		13A350BE2B675CCF005760BD /* Resources */ = {
			isa = PBXResourcesBuildPhase;
			buildActionMask = 2147483647;
			files = (
			);
			runOnlyForDeploymentPostprocessing = 0;
		};
		13A350C82B675CCF005760BD /* Resources */ = {
			isa = PBXResourcesBuildPhase;
			buildActionMask = 2147483647;
			files = (
			);
			runOnlyForDeploymentPostprocessing = 0;
		};
/* End PBXResourcesBuildPhase section */

/* Begin PBXShellScriptBuildPhase section */
		5D1D9BE7133EBB5A0F29C3D7 /* [CP] Check Pods Manifest.lock */ = {
			isa = PBXShellScriptBuildPhase;
			buildActionMask = 2147483647;
			files = (
			);
			inputFileListPaths = (
			);
			inputPaths = (
				"${PODS_PODFILE_DIR_PATH}/Podfile.lock",
				"${PODS_ROOT}/Manifest.lock",
			);
			name = "[CP] Check Pods Manifest.lock";
			outputFileListPaths = (
			);
			outputPaths = (
				"$(DERIVED_FILE_DIR)/Pods-PokeAppTests-checkManifestLockResult.txt",
			);
			runOnlyForDeploymentPostprocessing = 0;
			shellPath = /bin/sh;
			shellScript = "diff \"${PODS_PODFILE_DIR_PATH}/Podfile.lock\" \"${PODS_ROOT}/Manifest.lock\" > /dev/null\nif [ $? != 0 ] ; then\n    # print error to STDERR\n    echo \"error: The sandbox is not in sync with the Podfile.lock. Run 'pod install' or update your CocoaPods installation.\" >&2\n    exit 1\nfi\n# This output is used by Xcode 'outputs' to avoid re-running this script phase.\necho \"SUCCESS\" > \"${SCRIPT_OUTPUT_FILE_0}\"\n";
			showEnvVarsInLog = 0;
		};
		6400DF5BC1744DDA6F0E2101 /* [CP] Embed Pods Frameworks */ = {
			isa = PBXShellScriptBuildPhase;
			buildActionMask = 2147483647;
			files = (
			);
			inputFileListPaths = (
				"${PODS_ROOT}/Target Support Files/Pods-PokeApp/Pods-PokeApp-frameworks-${CONFIGURATION}-input-files.xcfilelist",
			);
			name = "[CP] Embed Pods Frameworks";
			outputFileListPaths = (
				"${PODS_ROOT}/Target Support Files/Pods-PokeApp/Pods-PokeApp-frameworks-${CONFIGURATION}-output-files.xcfilelist",
			);
			runOnlyForDeploymentPostprocessing = 0;
			shellPath = /bin/sh;
			shellScript = "\"${PODS_ROOT}/Target Support Files/Pods-PokeApp/Pods-PokeApp-frameworks.sh\"\n";
			showEnvVarsInLog = 0;
		};
		6F328F9E6B6A7682E8B2100B /* [CP] Check Pods Manifest.lock */ = {
			isa = PBXShellScriptBuildPhase;
			buildActionMask = 2147483647;
			files = (
			);
			inputFileListPaths = (
			);
			inputPaths = (
				"${PODS_PODFILE_DIR_PATH}/Podfile.lock",
				"${PODS_ROOT}/Manifest.lock",
			);
			name = "[CP] Check Pods Manifest.lock";
			outputFileListPaths = (
			);
			outputPaths = (
				"$(DERIVED_FILE_DIR)/Pods-PokeApp-PokeAppUITests-checkManifestLockResult.txt",
			);
			runOnlyForDeploymentPostprocessing = 0;
			shellPath = /bin/sh;
			shellScript = "diff \"${PODS_PODFILE_DIR_PATH}/Podfile.lock\" \"${PODS_ROOT}/Manifest.lock\" > /dev/null\nif [ $? != 0 ] ; then\n    # print error to STDERR\n    echo \"error: The sandbox is not in sync with the Podfile.lock. Run 'pod install' or update your CocoaPods installation.\" >&2\n    exit 1\nfi\n# This output is used by Xcode 'outputs' to avoid re-running this script phase.\necho \"SUCCESS\" > \"${SCRIPT_OUTPUT_FILE_0}\"\n";
			showEnvVarsInLog = 0;
		};
		85BFA58472ADA461A814CA2A /* [CP] Embed Pods Frameworks */ = {
			isa = PBXShellScriptBuildPhase;
			buildActionMask = 2147483647;
			files = (
			);
			inputFileListPaths = (
				"${PODS_ROOT}/Target Support Files/Pods-PokeApp-PokeAppUITests/Pods-PokeApp-PokeAppUITests-frameworks-${CONFIGURATION}-input-files.xcfilelist",
			);
			name = "[CP] Embed Pods Frameworks";
			outputFileListPaths = (
				"${PODS_ROOT}/Target Support Files/Pods-PokeApp-PokeAppUITests/Pods-PokeApp-PokeAppUITests-frameworks-${CONFIGURATION}-output-files.xcfilelist",
			);
			runOnlyForDeploymentPostprocessing = 0;
			shellPath = /bin/sh;
			shellScript = "\"${PODS_ROOT}/Target Support Files/Pods-PokeApp-PokeAppUITests/Pods-PokeApp-PokeAppUITests-frameworks.sh\"\n";
			showEnvVarsInLog = 0;
		};
		932F8728519CC645A9FBE4B0 /* [CP] Check Pods Manifest.lock */ = {
			isa = PBXShellScriptBuildPhase;
			buildActionMask = 2147483647;
			files = (
			);
			inputFileListPaths = (
			);
			inputPaths = (
				"${PODS_PODFILE_DIR_PATH}/Podfile.lock",
				"${PODS_ROOT}/Manifest.lock",
			);
			name = "[CP] Check Pods Manifest.lock";
			outputFileListPaths = (
			);
			outputPaths = (
				"$(DERIVED_FILE_DIR)/Pods-PokeApp-checkManifestLockResult.txt",
			);
			runOnlyForDeploymentPostprocessing = 0;
			shellPath = /bin/sh;
			shellScript = "diff \"${PODS_PODFILE_DIR_PATH}/Podfile.lock\" \"${PODS_ROOT}/Manifest.lock\" > /dev/null\nif [ $? != 0 ] ; then\n    # print error to STDERR\n    echo \"error: The sandbox is not in sync with the Podfile.lock. Run 'pod install' or update your CocoaPods installation.\" >&2\n    exit 1\nfi\n# This output is used by Xcode 'outputs' to avoid re-running this script phase.\necho \"SUCCESS\" > \"${SCRIPT_OUTPUT_FILE_0}\"\n";
			showEnvVarsInLog = 0;
		};
/* End PBXShellScriptBuildPhase section */

/* Begin PBXSourcesBuildPhase section */
		13A350A32B675CCC005760BD /* Sources */ = {
			isa = PBXSourcesBuildPhase;
			buildActionMask = 2147483647;
			files = (
				13A350B52B675CCD005760BD /* PokeApp.xcdatamodeld in Sources */,
				135B30DC2B6897E200DE33C8 /* Helpers.swift in Sources */,
				135B30DE2B68ACE500DE33C8 /* PreferenceServices.swift in Sources */,
				135B30F12B68CD3800DE33C8 /* Tableview+Extensions.swift in Sources */,
				13A351012B6783BA005760BD /* PokemonDetailSprites.swift in Sources */,
				13A350E72B675E86005760BD /* String+Extensions.swift in Sources */,
				13A350F92B6778F9005760BD /* ListPokemonResponse.swift in Sources */,
				135B30EB2B68CBE900DE33C8 /* MyPokemonListVC.swift in Sources */,
				135B30EE2B68CC6000DE33C8 /* MyPokemonListTableViewCell.swift in Sources */,
				13A350E22B675E29005760BD /* LoadingScreen.swift in Sources */,
				13ED848D2B67C3BE0068DBDD /* PokemonDetailTypesCollectionViewCell.swift in Sources */,
				13ED84852B67A6D50068DBDD /* DetailPokemonVC.swift in Sources */,
				13A350EB2B676112005760BD /* ListPokemonVC.swift in Sources */,
				13A350AB2B675CCC005760BD /* AppDelegate.swift in Sources */,
				13ED84892B67BB880068DBDD /* PokemonDetailMoves.swift in Sources */,
				13A350FB2B677933005760BD /* ListPokemonResults.swift in Sources */,
				13A350F62B676AED005760BD /* ListPokemonTableViewCell.swift in Sources */,
				13A350DF2B675DB1005760BD /* WebService.swift in Sources */,
				13A350F02B676139005760BD /* ListPokemonVM.swift in Sources */,
				135B30F42B68D08200DE33C8 /* DetailPokemonVM.swift in Sources */,
				13A350AD2B675CCC005760BD /* SceneDelegate.swift in Sources */,
				13A351032B6783DA005760BD /* PokemonDetailTypes.swift in Sources */,
				135B30E12B68AEC700DE33C8 /* MyPokemon.swift in Sources */,
				13A350F32B6764F7005760BD /* Constants.swift in Sources */,
				13A350FF2B6781F6005760BD /* PokemonDetailResponse.swift in Sources */,
			);
			runOnlyForDeploymentPostprocessing = 0;
		};
		13A350BC2B675CCF005760BD /* Sources */ = {
			isa = PBXSourcesBuildPhase;
			buildActionMask = 2147483647;
			files = (
				13A350C52B675CCF005760BD /* PokeAppTests.swift in Sources */,
			);
			runOnlyForDeploymentPostprocessing = 0;
		};
		13A350C62B675CCF005760BD /* Sources */ = {
			isa = PBXSourcesBuildPhase;
			buildActionMask = 2147483647;
			files = (
				13A350CF2B675CCF005760BD /* PokeAppUITests.swift in Sources */,
				13A350D12B675CCF005760BD /* PokeAppUITestsLaunchTests.swift in Sources */,
			);
			runOnlyForDeploymentPostprocessing = 0;
		};
/* End PBXSourcesBuildPhase section */

/* Begin PBXTargetDependency section */
		13A350C22B675CCF005760BD /* PBXTargetDependency */ = {
			isa = PBXTargetDependency;
			target = 13A350A62B675CCC005760BD /* PokeApp */;
			targetProxy = 13A350C12B675CCF005760BD /* PBXContainerItemProxy */;
		};
		13A350CC2B675CCF005760BD /* PBXTargetDependency */ = {
			isa = PBXTargetDependency;
			target = 13A350A62B675CCC005760BD /* PokeApp */;
			targetProxy = 13A350CB2B675CCF005760BD /* PBXContainerItemProxy */;
		};
/* End PBXTargetDependency section */

/* Begin PBXVariantGroup section */
		13A350B02B675CCD005760BD /* ListPokemon.storyboard */ = {
			isa = PBXVariantGroup;
			children = (
				13A350B12B675CCD005760BD /* Base */,
			);
			name = ListPokemon.storyboard;
			sourceTree = "<group>";
		};
		13A350B82B675CCE005760BD /* LaunchScreen.storyboard */ = {
			isa = PBXVariantGroup;
			children = (
				13A350B92B675CCE005760BD /* Base */,
			);
			name = LaunchScreen.storyboard;
			sourceTree = "<group>";
		};
/* End PBXVariantGroup section */

/* Begin XCBuildConfiguration section */
		13A350D22B675CCF005760BD /* Debug */ = {
			isa = XCBuildConfiguration;
			buildSettings = {
				ALWAYS_SEARCH_USER_PATHS = NO;
				ASSETCATALOG_COMPILER_GENERATE_SWIFT_ASSET_SYMBOL_EXTENSIONS = YES;
				CLANG_ANALYZER_NONNULL = YES;
				CLANG_ANALYZER_NUMBER_OBJECT_CONVERSION = YES_AGGRESSIVE;
				CLANG_CXX_LANGUAGE_STANDARD = "gnu++20";
				CLANG_ENABLE_MODULES = YES;
				CLANG_ENABLE_OBJC_ARC = YES;
				CLANG_ENABLE_OBJC_WEAK = YES;
				CLANG_WARN_BLOCK_CAPTURE_AUTORELEASING = YES;
				CLANG_WARN_BOOL_CONVERSION = YES;
				CLANG_WARN_COMMA = YES;
				CLANG_WARN_CONSTANT_CONVERSION = YES;
				CLANG_WARN_DEPRECATED_OBJC_IMPLEMENTATIONS = YES;
				CLANG_WARN_DIRECT_OBJC_ISA_USAGE = YES_ERROR;
				CLANG_WARN_DOCUMENTATION_COMMENTS = YES;
				CLANG_WARN_EMPTY_BODY = YES;
				CLANG_WARN_ENUM_CONVERSION = YES;
				CLANG_WARN_INFINITE_RECURSION = YES;
				CLANG_WARN_INT_CONVERSION = YES;
				CLANG_WARN_NON_LITERAL_NULL_CONVERSION = YES;
				CLANG_WARN_OBJC_IMPLICIT_RETAIN_SELF = YES;
				CLANG_WARN_OBJC_LITERAL_CONVERSION = YES;
				CLANG_WARN_OBJC_ROOT_CLASS = YES_ERROR;
				CLANG_WARN_QUOTED_INCLUDE_IN_FRAMEWORK_HEADER = YES;
				CLANG_WARN_RANGE_LOOP_ANALYSIS = YES;
				CLANG_WARN_STRICT_PROTOTYPES = YES;
				CLANG_WARN_SUSPICIOUS_MOVE = YES;
				CLANG_WARN_UNGUARDED_AVAILABILITY = YES_AGGRESSIVE;
				CLANG_WARN_UNREACHABLE_CODE = YES;
				CLANG_WARN__DUPLICATE_METHOD_MATCH = YES;
				COPY_PHASE_STRIP = NO;
				DEBUG_INFORMATION_FORMAT = dwarf;
				ENABLE_STRICT_OBJC_MSGSEND = YES;
				ENABLE_TESTABILITY = YES;
				ENABLE_USER_SCRIPT_SANDBOXING = NO;
				GCC_C_LANGUAGE_STANDARD = gnu17;
				GCC_DYNAMIC_NO_PIC = NO;
				GCC_NO_COMMON_BLOCKS = YES;
				GCC_OPTIMIZATION_LEVEL = 0;
				GCC_PREPROCESSOR_DEFINITIONS = (
					"DEBUG=1",
					"$(inherited)",
				);
				GCC_WARN_64_TO_32_BIT_CONVERSION = YES;
				GCC_WARN_ABOUT_RETURN_TYPE = YES_ERROR;
				GCC_WARN_UNDECLARED_SELECTOR = YES;
				GCC_WARN_UNINITIALIZED_AUTOS = YES_AGGRESSIVE;
				GCC_WARN_UNUSED_FUNCTION = YES;
				GCC_WARN_UNUSED_VARIABLE = YES;
				IPHONEOS_DEPLOYMENT_TARGET = 17.2;
				LOCALIZATION_PREFERS_STRING_CATALOGS = YES;
				MTL_ENABLE_DEBUG_INFO = INCLUDE_SOURCE;
				MTL_FAST_MATH = YES;
				ONLY_ACTIVE_ARCH = YES;
				SDKROOT = iphoneos;
				SWIFT_ACTIVE_COMPILATION_CONDITIONS = "DEBUG $(inherited)";
				SWIFT_OPTIMIZATION_LEVEL = "-Onone";
			};
			name = Debug;
		};
		13A350D32B675CCF005760BD /* Release */ = {
			isa = XCBuildConfiguration;
			buildSettings = {
				ALWAYS_SEARCH_USER_PATHS = NO;
				ASSETCATALOG_COMPILER_GENERATE_SWIFT_ASSET_SYMBOL_EXTENSIONS = YES;
				CLANG_ANALYZER_NONNULL = YES;
				CLANG_ANALYZER_NUMBER_OBJECT_CONVERSION = YES_AGGRESSIVE;
				CLANG_CXX_LANGUAGE_STANDARD = "gnu++20";
				CLANG_ENABLE_MODULES = YES;
				CLANG_ENABLE_OBJC_ARC = YES;
				CLANG_ENABLE_OBJC_WEAK = YES;
				CLANG_WARN_BLOCK_CAPTURE_AUTORELEASING = YES;
				CLANG_WARN_BOOL_CONVERSION = YES;
				CLANG_WARN_COMMA = YES;
				CLANG_WARN_CONSTANT_CONVERSION = YES;
				CLANG_WARN_DEPRECATED_OBJC_IMPLEMENTATIONS = YES;
				CLANG_WARN_DIRECT_OBJC_ISA_USAGE = YES_ERROR;
				CLANG_WARN_DOCUMENTATION_COMMENTS = YES;
				CLANG_WARN_EMPTY_BODY = YES;
				CLANG_WARN_ENUM_CONVERSION = YES;
				CLANG_WARN_INFINITE_RECURSION = YES;
				CLANG_WARN_INT_CONVERSION = YES;
				CLANG_WARN_NON_LITERAL_NULL_CONVERSION = YES;
				CLANG_WARN_OBJC_IMPLICIT_RETAIN_SELF = YES;
				CLANG_WARN_OBJC_LITERAL_CONVERSION = YES;
				CLANG_WARN_OBJC_ROOT_CLASS = YES_ERROR;
				CLANG_WARN_QUOTED_INCLUDE_IN_FRAMEWORK_HEADER = YES;
				CLANG_WARN_RANGE_LOOP_ANALYSIS = YES;
				CLANG_WARN_STRICT_PROTOTYPES = YES;
				CLANG_WARN_SUSPICIOUS_MOVE = YES;
				CLANG_WARN_UNGUARDED_AVAILABILITY = YES_AGGRESSIVE;
				CLANG_WARN_UNREACHABLE_CODE = YES;
				CLANG_WARN__DUPLICATE_METHOD_MATCH = YES;
				COPY_PHASE_STRIP = NO;
				DEBUG_INFORMATION_FORMAT = "dwarf-with-dsym";
				ENABLE_NS_ASSERTIONS = NO;
				ENABLE_STRICT_OBJC_MSGSEND = YES;
				ENABLE_USER_SCRIPT_SANDBOXING = NO;
				GCC_C_LANGUAGE_STANDARD = gnu17;
				GCC_NO_COMMON_BLOCKS = YES;
				GCC_WARN_64_TO_32_BIT_CONVERSION = YES;
				GCC_WARN_ABOUT_RETURN_TYPE = YES_ERROR;
				GCC_WARN_UNDECLARED_SELECTOR = YES;
				GCC_WARN_UNINITIALIZED_AUTOS = YES_AGGRESSIVE;
				GCC_WARN_UNUSED_FUNCTION = YES;
				GCC_WARN_UNUSED_VARIABLE = YES;
				IPHONEOS_DEPLOYMENT_TARGET = 17.2;
				LOCALIZATION_PREFERS_STRING_CATALOGS = YES;
				MTL_ENABLE_DEBUG_INFO = NO;
				MTL_FAST_MATH = YES;
				SDKROOT = iphoneos;
				SWIFT_COMPILATION_MODE = wholemodule;
				VALIDATE_PRODUCT = YES;
			};
			name = Release;
		};
		13A350D52B675CCF005760BD /* Debug */ = {
			isa = XCBuildConfiguration;
			baseConfigurationReference = 45EEF9EC13EC73ECA0508761 /* Pods-PokeApp.debug.xcconfig */;
			buildSettings = {
				ASSETCATALOG_COMPILER_APPICON_NAME = AppIcon;
				ASSETCATALOG_COMPILER_GLOBAL_ACCENT_COLOR_NAME = AccentColor;
				CODE_SIGN_STYLE = Automatic;
				CURRENT_PROJECT_VERSION = 1;
				GENERATE_INFOPLIST_FILE = YES;
				INFOPLIST_FILE = PokeApp/Info.plist;
				INFOPLIST_KEY_UIApplicationSupportsIndirectInputEvents = YES;
				INFOPLIST_KEY_UILaunchStoryboardName = LaunchScreen;
				INFOPLIST_KEY_UIMainStoryboardFile = ListPokemon;
				INFOPLIST_KEY_UISupportedInterfaceOrientations_iPad = "UIInterfaceOrientationPortrait UIInterfaceOrientationPortraitUpsideDown UIInterfaceOrientationLandscapeLeft UIInterfaceOrientationLandscapeRight";
				INFOPLIST_KEY_UISupportedInterfaceOrientations_iPhone = "UIInterfaceOrientationPortrait UIInterfaceOrientationLandscapeLeft UIInterfaceOrientationLandscapeRight";
				IPHONEOS_DEPLOYMENT_TARGET = 13.0;
				LD_RUNPATH_SEARCH_PATHS = (
					"$(inherited)",
					"@executable_path/Frameworks",
				);
				MARKETING_VERSION = 1.0;
				PRODUCT_BUNDLE_IDENTIFIER = id.edwinNiwarlangga.PokeApp;
				PRODUCT_NAME = "$(TARGET_NAME)";
				SWIFT_EMIT_LOC_STRINGS = YES;
				SWIFT_VERSION = 5.0;
				TARGETED_DEVICE_FAMILY = "1,2";
			};
			name = Debug;
		};
		13A350D62B675CCF005760BD /* Release */ = {
			isa = XCBuildConfiguration;
			baseConfigurationReference = 876409D60D9654BAF83B02A3 /* Pods-PokeApp.release.xcconfig */;
			buildSettings = {
				ASSETCATALOG_COMPILER_APPICON_NAME = AppIcon;
				ASSETCATALOG_COMPILER_GLOBAL_ACCENT_COLOR_NAME = AccentColor;
				CODE_SIGN_STYLE = Automatic;
				CURRENT_PROJECT_VERSION = 1;
				GENERATE_INFOPLIST_FILE = YES;
				INFOPLIST_FILE = PokeApp/Info.plist;
				INFOPLIST_KEY_UIApplicationSupportsIndirectInputEvents = YES;
				INFOPLIST_KEY_UILaunchStoryboardName = LaunchScreen;
				INFOPLIST_KEY_UIMainStoryboardFile = ListPokemon;
				INFOPLIST_KEY_UISupportedInterfaceOrientations_iPad = "UIInterfaceOrientationPortrait UIInterfaceOrientationPortraitUpsideDown UIInterfaceOrientationLandscapeLeft UIInterfaceOrientationLandscapeRight";
				INFOPLIST_KEY_UISupportedInterfaceOrientations_iPhone = "UIInterfaceOrientationPortrait UIInterfaceOrientationLandscapeLeft UIInterfaceOrientationLandscapeRight";
				IPHONEOS_DEPLOYMENT_TARGET = 13.0;
				LD_RUNPATH_SEARCH_PATHS = (
					"$(inherited)",
					"@executable_path/Frameworks",
				);
				MARKETING_VERSION = 1.0;
				PRODUCT_BUNDLE_IDENTIFIER = id.edwinNiwarlangga.PokeApp;
				PRODUCT_NAME = "$(TARGET_NAME)";
				SWIFT_EMIT_LOC_STRINGS = YES;
				SWIFT_VERSION = 5.0;
				TARGETED_DEVICE_FAMILY = "1,2";
			};
			name = Release;
		};
		13A350D82B675CCF005760BD /* Debug */ = {
			isa = XCBuildConfiguration;
			baseConfigurationReference = CB18E2C179C8F63CB4E2F9FF /* Pods-PokeAppTests.debug.xcconfig */;
			buildSettings = {
				ALWAYS_EMBED_SWIFT_STANDARD_LIBRARIES = YES;
				BUNDLE_LOADER = "$(TEST_HOST)";
				CODE_SIGN_STYLE = Automatic;
				CURRENT_PROJECT_VERSION = 1;
				GENERATE_INFOPLIST_FILE = YES;
				IPHONEOS_DEPLOYMENT_TARGET = 17.2;
				MARKETING_VERSION = 1.0;
				PRODUCT_BUNDLE_IDENTIFIER = id.edwinNiwarlangga.PokeAppTests;
				PRODUCT_NAME = "$(TARGET_NAME)";
				SWIFT_EMIT_LOC_STRINGS = NO;
				SWIFT_VERSION = 5.0;
				TARGETED_DEVICE_FAMILY = "1,2";
				TEST_HOST = "$(BUILT_PRODUCTS_DIR)/PokeApp.app/$(BUNDLE_EXECUTABLE_FOLDER_PATH)/PokeApp";
			};
			name = Debug;
		};
		13A350D92B675CCF005760BD /* Release */ = {
			isa = XCBuildConfiguration;
			baseConfigurationReference = 3F97F28001E8E9AA066B8771 /* Pods-PokeAppTests.release.xcconfig */;
			buildSettings = {
				ALWAYS_EMBED_SWIFT_STANDARD_LIBRARIES = YES;
				BUNDLE_LOADER = "$(TEST_HOST)";
				CODE_SIGN_STYLE = Automatic;
				CURRENT_PROJECT_VERSION = 1;
				GENERATE_INFOPLIST_FILE = YES;
				IPHONEOS_DEPLOYMENT_TARGET = 17.2;
				MARKETING_VERSION = 1.0;
				PRODUCT_BUNDLE_IDENTIFIER = id.edwinNiwarlangga.PokeAppTests;
				PRODUCT_NAME = "$(TARGET_NAME)";
				SWIFT_EMIT_LOC_STRINGS = NO;
				SWIFT_VERSION = 5.0;
				TARGETED_DEVICE_FAMILY = "1,2";
				TEST_HOST = "$(BUILT_PRODUCTS_DIR)/PokeApp.app/$(BUNDLE_EXECUTABLE_FOLDER_PATH)/PokeApp";
			};
			name = Release;
		};
		13A350DB2B675CCF005760BD /* Debug */ = {
			isa = XCBuildConfiguration;
			baseConfigurationReference = FAA16FA2F033625EF6CAC1A4 /* Pods-PokeApp-PokeAppUITests.debug.xcconfig */;
			buildSettings = {
				ALWAYS_EMBED_SWIFT_STANDARD_LIBRARIES = YES;
				CODE_SIGN_STYLE = Automatic;
				CURRENT_PROJECT_VERSION = 1;
				GENERATE_INFOPLIST_FILE = YES;
				MARKETING_VERSION = 1.0;
				PRODUCT_BUNDLE_IDENTIFIER = id.edwinNiwarlangga.PokeAppUITests;
				PRODUCT_NAME = "$(TARGET_NAME)";
				SWIFT_EMIT_LOC_STRINGS = NO;
				SWIFT_VERSION = 5.0;
				TARGETED_DEVICE_FAMILY = "1,2";
				TEST_TARGET_NAME = PokeApp;
			};
			name = Debug;
		};
		13A350DC2B675CCF005760BD /* Release */ = {
			isa = XCBuildConfiguration;
			baseConfigurationReference = EEC2A4832935CB20DE4FB2FC /* Pods-PokeApp-PokeAppUITests.release.xcconfig */;
			buildSettings = {
				ALWAYS_EMBED_SWIFT_STANDARD_LIBRARIES = YES;
				CODE_SIGN_STYLE = Automatic;
				CURRENT_PROJECT_VERSION = 1;
				GENERATE_INFOPLIST_FILE = YES;
				MARKETING_VERSION = 1.0;
				PRODUCT_BUNDLE_IDENTIFIER = id.edwinNiwarlangga.PokeAppUITests;
				PRODUCT_NAME = "$(TARGET_NAME)";
				SWIFT_EMIT_LOC_STRINGS = NO;
				SWIFT_VERSION = 5.0;
				TARGETED_DEVICE_FAMILY = "1,2";
				TEST_TARGET_NAME = PokeApp;
			};
			name = Release;
		};
/* End XCBuildConfiguration section */

/* Begin XCConfigurationList section */
		13A350A22B675CCC005760BD /* Build configuration list for PBXProject "PokeApp" */ = {
			isa = XCConfigurationList;
			buildConfigurations = (
				13A350D22B675CCF005760BD /* Debug */,
				13A350D32B675CCF005760BD /* Release */,
			);
			defaultConfigurationIsVisible = 0;
			defaultConfigurationName = Release;
		};
		13A350D42B675CCF005760BD /* Build configuration list for PBXNativeTarget "PokeApp" */ = {
			isa = XCConfigurationList;
			buildConfigurations = (
				13A350D52B675CCF005760BD /* Debug */,
				13A350D62B675CCF005760BD /* Release */,
			);
			defaultConfigurationIsVisible = 0;
			defaultConfigurationName = Release;
		};
		13A350D72B675CCF005760BD /* Build configuration list for PBXNativeTarget "PokeAppTests" */ = {
			isa = XCConfigurationList;
			buildConfigurations = (
				13A350D82B675CCF005760BD /* Debug */,
				13A350D92B675CCF005760BD /* Release */,
			);
			defaultConfigurationIsVisible = 0;
			defaultConfigurationName = Release;
		};
		13A350DA2B675CCF005760BD /* Build configuration list for PBXNativeTarget "PokeAppUITests" */ = {
			isa = XCConfigurationList;
			buildConfigurations = (
				13A350DB2B675CCF005760BD /* Debug */,
				13A350DC2B675CCF005760BD /* Release */,
			);
			defaultConfigurationIsVisible = 0;
			defaultConfigurationName = Release;
		};
/* End XCConfigurationList section */

/* Begin XCVersionGroup section */
		13A350B32B675CCD005760BD /* PokeApp.xcdatamodeld */ = {
			isa = XCVersionGroup;
			children = (
				13A350B42B675CCD005760BD /* PokeApp.xcdatamodel */,
			);
			currentVersion = 13A350B42B675CCD005760BD /* PokeApp.xcdatamodel */;
			path = PokeApp.xcdatamodeld;
			sourceTree = "<group>";
			versionGroupType = wrapper.xcdatamodel;
		};
/* End XCVersionGroup section */
	};
	rootObject = 13A3509F2B675CCC005760BD /* Project object */;
}
